// !$*UTF8*$!
{
	archiveVersion = 1;
	classes = {
	};
	objectVersion = 56;
	objects = {

/* Begin PBXBuildFile section */
		BD4178CD2AC803A4007AD426 /* AppDelegate.swift in Sources */ = {isa = PBXBuildFile; fileRef = BD4178CC2AC803A4007AD426 /* AppDelegate.swift */; };
		BD4178CF2AC803A4007AD426 /* SceneDelegate.swift in Sources */ = {isa = PBXBuildFile; fileRef = BD4178CE2AC803A4007AD426 /* SceneDelegate.swift */; };
		BD4178D12AC803A4007AD426 /* ViewController.swift in Sources */ = {isa = PBXBuildFile; fileRef = BD4178D02AC803A4007AD426 /* ViewController.swift */; };
		BD4178D42AC803A4007AD426 /* Main.storyboard in Resources */ = {isa = PBXBuildFile; fileRef = BD4178D22AC803A4007AD426 /* Main.storyboard */; };
		BD4178D62AC803A6007AD426 /* Assets.xcassets in Resources */ = {isa = PBXBuildFile; fileRef = BD4178D52AC803A6007AD426 /* Assets.xcassets */; };
		BD4178D92AC803A6007AD426 /* LaunchScreen.storyboard in Resources */ = {isa = PBXBuildFile; fileRef = BD4178D72AC803A6007AD426 /* LaunchScreen.storyboard */; };
		BD4178E52AC82D33007AD426 /* UIImage+Extension.swift in Sources */ = {isa = PBXBuildFile; fileRef = BD4178E42AC82D33007AD426 /* UIImage+Extension.swift */; };
		BD4178E82AC83198007AD426 /* ImageCache.swift in Sources */ = {isa = PBXBuildFile; fileRef = BD4178E72AC83198007AD426 /* ImageCache.swift */; };
		BD4178EB2AC832B9007AD426 /* MemoryCacheImpl.swift in Sources */ = {isa = PBXBuildFile; fileRef = BD4178EA2AC832B9007AD426 /* MemoryCacheImpl.swift */; };
		BD4178EE2AC833AB007AD426 /* CachedImage.swift in Sources */ = {isa = PBXBuildFile; fileRef = BD4178ED2AC833AB007AD426 /* CachedImage.swift */; };
		BD4178F02AC83459007AD426 /* DiskCacheImpl.swift in Sources */ = {isa = PBXBuildFile; fileRef = BD4178EF2AC83459007AD426 /* DiskCacheImpl.swift */; };
		BD4178F22AC837CF007AD426 /* ImageHelper.swift in Sources */ = {isa = PBXBuildFile; fileRef = BD4178F12AC837CF007AD426 /* ImageHelper.swift */; };
/* End PBXBuildFile section */

/* Begin PBXFileReference section */
		BD4178C92AC803A4007AD426 /* ImageHandler.app */ = {isa = PBXFileReference; explicitFileType = wrapper.application; includeInIndex = 0; path = ImageHandler.app; sourceTree = BUILT_PRODUCTS_DIR; };
		BD4178CC2AC803A4007AD426 /* AppDelegate.swift */ = {isa = PBXFileReference; lastKnownFileType = sourcecode.swift; path = AppDelegate.swift; sourceTree = "<group>"; };
		BD4178CE2AC803A4007AD426 /* SceneDelegate.swift */ = {isa = PBXFileReference; lastKnownFileType = sourcecode.swift; path = SceneDelegate.swift; sourceTree = "<group>"; };
		BD4178D02AC803A4007AD426 /* ViewController.swift */ = {isa = PBXFileReference; lastKnownFileType = sourcecode.swift; path = ViewController.swift; sourceTree = "<group>"; };
		BD4178D32AC803A4007AD426 /* Base */ = {isa = PBXFileReference; lastKnownFileType = file.storyboard; name = Base; path = Base.lproj/Main.storyboard; sourceTree = "<group>"; };
		BD4178D52AC803A6007AD426 /* Assets.xcassets */ = {isa = PBXFileReference; lastKnownFileType = folder.assetcatalog; path = Assets.xcassets; sourceTree = "<group>"; };
		BD4178D82AC803A6007AD426 /* Base */ = {isa = PBXFileReference; lastKnownFileType = file.storyboard; name = Base; path = Base.lproj/LaunchScreen.storyboard; sourceTree = "<group>"; };
		BD4178DA2AC803A6007AD426 /* Info.plist */ = {isa = PBXFileReference; lastKnownFileType = text.plist.xml; path = Info.plist; sourceTree = "<group>"; };
		BD4178E42AC82D33007AD426 /* UIImage+Extension.swift */ = {isa = PBXFileReference; lastKnownFileType = sourcecode.swift; path = "UIImage+Extension.swift"; sourceTree = "<group>"; };
		BD4178E72AC83198007AD426 /* ImageCache.swift */ = {isa = PBXFileReference; lastKnownFileType = sourcecode.swift; path = ImageCache.swift; sourceTree = "<group>"; };
		BD4178EA2AC832B9007AD426 /* MemoryCacheImpl.swift */ = {isa = PBXFileReference; lastKnownFileType = sourcecode.swift; path = MemoryCacheImpl.swift; sourceTree = "<group>"; };
		BD4178ED2AC833AB007AD426 /* CachedImage.swift */ = {isa = PBXFileReference; lastKnownFileType = sourcecode.swift; path = CachedImage.swift; sourceTree = "<group>"; };
		BD4178EF2AC83459007AD426 /* DiskCacheImpl.swift */ = {isa = PBXFileReference; lastKnownFileType = sourcecode.swift; path = DiskCacheImpl.swift; sourceTree = "<group>"; };
		BD4178F12AC837CF007AD426 /* ImageHelper.swift */ = {isa = PBXFileReference; lastKnownFileType = sourcecode.swift; path = ImageHelper.swift; sourceTree = "<group>"; };
/* End PBXFileReference section */

/* Begin PBXFrameworksBuildPhase section */
		BD4178C62AC803A4007AD426 /* Frameworks */ = {
			isa = PBXFrameworksBuildPhase;
			buildActionMask = 2147483647;
			files = (
			);
			runOnlyForDeploymentPostprocessing = 0;
		};
/* End PBXFrameworksBuildPhase section */

/* Begin PBXGroup section */
		BD4178C02AC803A4007AD426 = {
			isa = PBXGroup;
			children = (
				BD4178CB2AC803A4007AD426 /* ImageHandler */,
				BD4178CA2AC803A4007AD426 /* Products */,
			);
			sourceTree = "<group>";
		};
		BD4178CA2AC803A4007AD426 /* Products */ = {
			isa = PBXGroup;
			children = (
				BD4178C92AC803A4007AD426 /* ImageHandler.app */,
			);
			name = Products;
			sourceTree = "<group>";
		};
		BD4178CB2AC803A4007AD426 /* ImageHandler */ = {
			isa = PBXGroup;
			children = (
				BD4178DA2AC803A6007AD426 /* Info.plist */,
				BD4178E22AC822A8007AD426 /* Resources */,
				BD4178E32AC822AB007AD426 /* Sources */,
			);
			path = ImageHandler;
			sourceTree = "<group>";
		};
		BD4178E22AC822A8007AD426 /* Resources */ = {
			isa = PBXGroup;
			children = (
				BD4178D52AC803A6007AD426 /* Assets.xcassets */,
				BD4178D72AC803A6007AD426 /* LaunchScreen.storyboard */,
				BD4178D22AC803A4007AD426 /* Main.storyboard */,
			);
			path = Resources;
			sourceTree = "<group>";
		};
		BD4178E32AC822AB007AD426 /* Sources */ = {
			isa = PBXGroup;
			children = (
				BD4178F52AC83A0F007AD426 /* AppEntry */,
				BD4178F42AC839F1007AD426 /* Extension */,
				BD4178F32AC839EB007AD426 /* ImageHelper */,
				BD4178EC2AC833A0007AD426 /* Model */,
				BD4178F62AC8401A007AD426 /* ViewController */,
			);
			path = Sources;
			sourceTree = "<group>";
		};
		BD4178EC2AC833A0007AD426 /* Model */ = {
			isa = PBXGroup;
			children = (
				BD4178ED2AC833AB007AD426 /* CachedImage.swift */,
			);
			path = Model;
			sourceTree = "<group>";
		};
		BD4178F32AC839EB007AD426 /* ImageHelper */ = {
			isa = PBXGroup;
			children = (
				BD4178EF2AC83459007AD426 /* DiskCacheImpl.swift */,
				BD4178E72AC83198007AD426 /* ImageCache.swift */,
				BD4178F12AC837CF007AD426 /* ImageHelper.swift */,
				BD4178EA2AC832B9007AD426 /* MemoryCacheImpl.swift */,
			);
			path = ImageHelper;
			sourceTree = "<group>";
		};
		BD4178F42AC839F1007AD426 /* Extension */ = {
			isa = PBXGroup;
			children = (
				BD4178E42AC82D33007AD426 /* UIImage+Extension.swift */,
			);
			path = Extension;
			sourceTree = "<group>";
		};
		BD4178F52AC83A0F007AD426 /* AppEntry */ = {
			isa = PBXGroup;
			children = (
				BD4178CC2AC803A4007AD426 /* AppDelegate.swift */,
				BD4178CE2AC803A4007AD426 /* SceneDelegate.swift */,
			);
			path = AppEntry;
			sourceTree = "<group>";
		};
		BD4178F62AC8401A007AD426 /* ViewController */ = {
			isa = PBXGroup;
			children = (
				BD4178D02AC803A4007AD426 /* ViewController.swift */,
			);
			path = ViewController;
			sourceTree = "<group>";
		};
/* End PBXGroup section */

/* Begin PBXNativeTarget section */
		BD4178C82AC803A4007AD426 /* ImageHandler */ = {
			isa = PBXNativeTarget;
			buildConfigurationList = BD4178DD2AC803A6007AD426 /* Build configuration list for PBXNativeTarget "ImageHandler" */;
			buildPhases = (
				BD4178C52AC803A4007AD426 /* Sources */,
				BD4178C62AC803A4007AD426 /* Frameworks */,
				BD4178C72AC803A4007AD426 /* Resources */,
			);
			buildRules = (
			);
			dependencies = (
			);
			name = ImageHandler;
			productName = ImageHandler;
			productReference = BD4178C92AC803A4007AD426 /* ImageHandler.app */;
			productType = "com.apple.product-type.application";
		};
/* End PBXNativeTarget section */

/* Begin PBXProject section */
		BD4178C12AC803A4007AD426 /* Project object */ = {
			isa = PBXProject;
			attributes = {
				BuildIndependentTargetsInParallel = 1;
				LastSwiftUpdateCheck = 1430;
				LastUpgradeCheck = 1430;
				TargetAttributes = {
					BD4178C82AC803A4007AD426 = {
						CreatedOnToolsVersion = 14.3.1;
					};
				};
			};
			buildConfigurationList = BD4178C42AC803A4007AD426 /* Build configuration list for PBXProject "ImageHandler" */;
			compatibilityVersion = "Xcode 14.0";
			developmentRegion = en;
			hasScannedForEncodings = 0;
			knownRegions = (
				en,
				Base,
			);
			mainGroup = BD4178C02AC803A4007AD426;
			productRefGroup = BD4178CA2AC803A4007AD426 /* Products */;
			projectDirPath = "";
			projectRoot = "";
			targets = (
				BD4178C82AC803A4007AD426 /* ImageHandler */,
			);
		};
/* End PBXProject section */

/* Begin PBXResourcesBuildPhase section */
		BD4178C72AC803A4007AD426 /* Resources */ = {
			isa = PBXResourcesBuildPhase;
			buildActionMask = 2147483647;
			files = (
				BD4178D92AC803A6007AD426 /* LaunchScreen.storyboard in Resources */,
				BD4178D62AC803A6007AD426 /* Assets.xcassets in Resources */,
				BD4178D42AC803A4007AD426 /* Main.storyboard in Resources */,
			);
			runOnlyForDeploymentPostprocessing = 0;
		};
/* End PBXResourcesBuildPhase section */

/* Begin PBXSourcesBuildPhase section */
		BD4178C52AC803A4007AD426 /* Sources */ = {
			isa = PBXSourcesBuildPhase;
			buildActionMask = 2147483647;
			files = (
				BD4178F02AC83459007AD426 /* DiskCacheImpl.swift in Sources */,
				BD4178F22AC837CF007AD426 /* ImageHelper.swift in Sources */,
				BD4178E82AC83198007AD426 /* ImageCache.swift in Sources */,
				BD4178D12AC803A4007AD426 /* ViewController.swift in Sources */,
				BD4178CD2AC803A4007AD426 /* AppDelegate.swift in Sources */,
				BD4178E52AC82D33007AD426 /* UIImage+Extension.swift in Sources */,
				BD4178EB2AC832B9007AD426 /* MemoryCacheImpl.swift in Sources */,
				BD4178CF2AC803A4007AD426 /* SceneDelegate.swift in Sources */,
				BD4178EE2AC833AB007AD426 /* CachedImage.swift in Sources */,
			);
			runOnlyForDeploymentPostprocessing = 0;
		};
/* End PBXSourcesBuildPhase section */

/* Begin PBXVariantGroup section */
		BD4178D22AC803A4007AD426 /* Main.storyboard */ = {
			isa = PBXVariantGroup;
			children = (
				BD4178D32AC803A4007AD426 /* Base */,
			);
			name = Main.storyboard;
			sourceTree = "<group>";
		};
		BD4178D72AC803A6007AD426 /* LaunchScreen.storyboard */ = {
			isa = PBXVariantGroup;
			children = (
				BD4178D82AC803A6007AD426 /* Base */,
			);
			name = LaunchScreen.storyboard;
			sourceTree = "<group>";
		};
/* End PBXVariantGroup section */

/* Begin XCBuildConfiguration section */
		BD4178DB2AC803A6007AD426 /* Debug */ = {
			isa = XCBuildConfiguration;
			buildSettings = {
				ALWAYS_SEARCH_USER_PATHS = NO;
				CLANG_ANALYZER_NONNULL = YES;
				CLANG_ANALYZER_NUMBER_OBJECT_CONVERSION = YES_AGGRESSIVE;
				CLANG_CXX_LANGUAGE_STANDARD = "gnu++20";
				CLANG_ENABLE_MODULES = YES;
				CLANG_ENABLE_OBJC_ARC = YES;
				CLANG_ENABLE_OBJC_WEAK = YES;
				CLANG_WARN_BLOCK_CAPTURE_AUTORELEASING = YES;
				CLANG_WARN_BOOL_CONVERSION = YES;
				CLANG_WARN_COMMA = YES;
				CLANG_WARN_CONSTANT_CONVERSION = YES;
				CLANG_WARN_DEPRECATED_OBJC_IMPLEMENTATIONS = YES;
				CLANG_WARN_DIRECT_OBJC_ISA_USAGE = YES_ERROR;
				CLANG_WARN_DOCUMENTATION_COMMENTS = YES;
				CLANG_WARN_EMPTY_BODY = YES;
				CLANG_WARN_ENUM_CONVERSION = YES;
				CLANG_WARN_INFINITE_RECURSION = YES;
				CLANG_WARN_INT_CONVERSION = YES;
				CLANG_WARN_NON_LITERAL_NULL_CONVERSION = YES;
				CLANG_WARN_OBJC_IMPLICIT_RETAIN_SELF = YES;
				CLANG_WARN_OBJC_LITERAL_CONVERSION = YES;
				CLANG_WARN_OBJC_ROOT_CLASS = YES_ERROR;
				CLANG_WARN_QUOTED_INCLUDE_IN_FRAMEWORK_HEADER = YES;
				CLANG_WARN_RANGE_LOOP_ANALYSIS = YES;
				CLANG_WARN_STRICT_PROTOTYPES = YES;
				CLANG_WARN_SUSPICIOUS_MOVE = YES;
				CLANG_WARN_UNGUARDED_AVAILABILITY = YES_AGGRESSIVE;
				CLANG_WARN_UNREACHABLE_CODE = YES;
				CLANG_WARN__DUPLICATE_METHOD_MATCH = YES;
				COPY_PHASE_STRIP = NO;
				DEBUG_INFORMATION_FORMAT = dwarf;
				ENABLE_STRICT_OBJC_MSGSEND = YES;
				ENABLE_TESTABILITY = YES;
				GCC_C_LANGUAGE_STANDARD = gnu11;
				GCC_DYNAMIC_NO_PIC = NO;
				GCC_NO_COMMON_BLOCKS = YES;
				GCC_OPTIMIZATION_LEVEL = 0;
				GCC_PREPROCESSOR_DEFINITIONS = (
					"DEBUG=1",
					"$(inherited)",
				);
				GCC_WARN_64_TO_32_BIT_CONVERSION = YES;
				GCC_WARN_ABOUT_RETURN_TYPE = YES_ERROR;
				GCC_WARN_UNDECLARED_SELECTOR = YES;
				GCC_WARN_UNINITIALIZED_AUTOS = YES_AGGRESSIVE;
				GCC_WARN_UNUSED_FUNCTION = YES;
				GCC_WARN_UNUSED_VARIABLE = YES;
				IPHONEOS_DEPLOYMENT_TARGET = 16.4;
				MTL_ENABLE_DEBUG_INFO = INCLUDE_SOURCE;
				MTL_FAST_MATH = YES;
				ONLY_ACTIVE_ARCH = YES;
				SDKROOT = iphoneos;
				SWIFT_ACTIVE_COMPILATION_CONDITIONS = DEBUG;
				SWIFT_OPTIMIZATION_LEVEL = "-Onone";
			};
			name = Debug;
		};
		BD4178DC2AC803A6007AD426 /* Release */ = {
			isa = XCBuildConfiguration;
			buildSettings = {
				ALWAYS_SEARCH_USER_PATHS = NO;
				CLANG_ANALYZER_NONNULL = YES;
				CLANG_ANALYZER_NUMBER_OBJECT_CONVERSION = YES_AGGRESSIVE;
				CLANG_CXX_LANGUAGE_STANDARD = "gnu++20";
				CLANG_ENABLE_MODULES = YES;
				CLANG_ENABLE_OBJC_ARC = YES;
				CLANG_ENABLE_OBJC_WEAK = YES;
				CLANG_WARN_BLOCK_CAPTURE_AUTORELEASING = YES;
				CLANG_WARN_BOOL_CONVERSION = YES;
				CLANG_WARN_COMMA = YES;
				CLANG_WARN_CONSTANT_CONVERSION = YES;
				CLANG_WARN_DEPRECATED_OBJC_IMPLEMENTATIONS = YES;
				CLANG_WARN_DIRECT_OBJC_ISA_USAGE = YES_ERROR;
				CLANG_WARN_DOCUMENTATION_COMMENTS = YES;
				CLANG_WARN_EMPTY_BODY = YES;
				CLANG_WARN_ENUM_CONVERSION = YES;
				CLANG_WARN_INFINITE_RECURSION = YES;
				CLANG_WARN_INT_CONVERSION = YES;
				CLANG_WARN_NON_LITERAL_NULL_CONVERSION = YES;
				CLANG_WARN_OBJC_IMPLICIT_RETAIN_SELF = YES;
				CLANG_WARN_OBJC_LITERAL_CONVERSION = YES;
				CLANG_WARN_OBJC_ROOT_CLASS = YES_ERROR;
				CLANG_WARN_QUOTED_INCLUDE_IN_FRAMEWORK_HEADER = YES;
				CLANG_WARN_RANGE_LOOP_ANALYSIS = YES;
				CLANG_WARN_STRICT_PROTOTYPES = YES;
				CLANG_WARN_SUSPICIOUS_MOVE = YES;
				CLANG_WARN_UNGUARDED_AVAILABILITY = YES_AGGRESSIVE;
				CLANG_WARN_UNREACHABLE_CODE = YES;
				CLANG_WARN__DUPLICATE_METHOD_MATCH = YES;
				COPY_PHASE_STRIP = NO;
				DEBUG_INFORMATION_FORMAT = "dwarf-with-dsym";
				ENABLE_NS_ASSERTIONS = NO;
				ENABLE_STRICT_OBJC_MSGSEND = YES;
				GCC_C_LANGUAGE_STANDARD = gnu11;
				GCC_NO_COMMON_BLOCKS = YES;
				GCC_WARN_64_TO_32_BIT_CONVERSION = YES;
				GCC_WARN_ABOUT_RETURN_TYPE = YES_ERROR;
				GCC_WARN_UNDECLARED_SELECTOR = YES;
				GCC_WARN_UNINITIALIZED_AUTOS = YES_AGGRESSIVE;
				GCC_WARN_UNUSED_FUNCTION = YES;
				GCC_WARN_UNUSED_VARIABLE = YES;
				IPHONEOS_DEPLOYMENT_TARGET = 16.4;
				MTL_ENABLE_DEBUG_INFO = NO;
				MTL_FAST_MATH = YES;
				SDKROOT = iphoneos;
				SWIFT_COMPILATION_MODE = wholemodule;
				SWIFT_OPTIMIZATION_LEVEL = "-O";
				VALIDATE_PRODUCT = YES;
			};
			name = Release;
		};
		BD4178DE2AC803A6007AD426 /* Debug */ = {
			isa = XCBuildConfiguration;
			buildSettings = {
				ASSETCATALOG_COMPILER_APPICON_NAME = AppIcon;
				ASSETCATALOG_COMPILER_GLOBAL_ACCENT_COLOR_NAME = AccentColor;
				CODE_SIGN_STYLE = Automatic;
				CURRENT_PROJECT_VERSION = 1;
				DEVELOPMENT_TEAM = W7P3R7ZL78;
				GENERATE_INFOPLIST_FILE = YES;
				INFOPLIST_FILE = ImageHandler/Info.plist;
				INFOPLIST_KEY_UIApplicationSupportsIndirectInputEvents = YES;
				INFOPLIST_KEY_UILaunchStoryboardName = LaunchScreen;
				INFOPLIST_KEY_UIMainStoryboardFile = Main;
				INFOPLIST_KEY_UISupportedInterfaceOrientations_iPad = "UIInterfaceOrientationPortrait UIInterfaceOrientationPortraitUpsideDown UIInterfaceOrientationLandscapeLeft UIInterfaceOrientationLandscapeRight";
				INFOPLIST_KEY_UISupportedInterfaceOrientations_iPhone = "UIInterfaceOrientationPortrait UIInterfaceOrientationLandscapeLeft UIInterfaceOrientationLandscapeRight";
				LD_RUNPATH_SEARCH_PATHS = (
					"$(inherited)",
					"@executable_path/Frameworks",
				);
				MARKETING_VERSION = 1.0;
				PRODUCT_BUNDLE_IDENTIFIER = com.taehyeon.dev.ImageHandler;
				PRODUCT_NAME = "$(TARGET_NAME)";
				SWIFT_EMIT_LOC_STRINGS = YES;
				SWIFT_VERSION = 5.0;
				TARGETED_DEVICE_FAMILY = "1,2";
			};
			name = Debug;
		};
		BD4178DF2AC803A6007AD426 /* Release */ = {
			isa = XCBuildConfiguration;
			buildSettings = {
				ASSETCATALOG_COMPILER_APPICON_NAME = AppIcon;
				ASSETCATALOG_COMPILER_GLOBAL_ACCENT_COLOR_NAME = AccentColor;
				CODE_SIGN_STYLE = Automatic;
				CURRENT_PROJECT_VERSION = 1;
				DEVELOPMENT_TEAM = W7P3R7ZL78;
				GENERATE_INFOPLIST_FILE = YES;
				INFOPLIST_FILE = ImageHandler/Info.plist;
				INFOPLIST_KEY_UIApplicationSupportsIndirectInputEvents = YES;
				INFOPLIST_KEY_UILaunchStoryboardName = LaunchScreen;
				INFOPLIST_KEY_UIMainStoryboardFile = Main;
				INFOPLIST_KEY_UISupportedInterfaceOrientations_iPad = "UIInterfaceOrientationPortrait UIInterfaceOrientationPortraitUpsideDown UIInterfaceOrientationLandscapeLeft UIInterfaceOrientationLandscapeRight";
				INFOPLIST_KEY_UISupportedInterfaceOrientations_iPhone = "UIInterfaceOrientationPortrait UIInterfaceOrientationLandscapeLeft UIInterfaceOrientationLandscapeRight";
				LD_RUNPATH_SEARCH_PATHS = (
					"$(inherited)",
					"@executable_path/Frameworks",
				);
				MARKETING_VERSION = 1.0;
				PRODUCT_BUNDLE_IDENTIFIER = com.taehyeon.dev.ImageHandler;
				PRODUCT_NAME = "$(TARGET_NAME)";
				SWIFT_EMIT_LOC_STRINGS = YES;
				SWIFT_VERSION = 5.0;
				TARGETED_DEVICE_FAMILY = "1,2";
			};
			name = Release;
		};
/* End XCBuildConfiguration section */

/* Begin XCConfigurationList section */
		BD4178C42AC803A4007AD426 /* Build configuration list for PBXProject "ImageHandler" */ = {
			isa = XCConfigurationList;
			buildConfigurations = (
				BD4178DB2AC803A6007AD426 /* Debug */,
				BD4178DC2AC803A6007AD426 /* Release */,
			);
			defaultConfigurationIsVisible = 0;
			defaultConfigurationName = Release;
		};
		BD4178DD2AC803A6007AD426 /* Build configuration list for PBXNativeTarget "ImageHandler" */ = {
			isa = XCConfigurationList;
			buildConfigurations = (
				BD4178DE2AC803A6007AD426 /* Debug */,
				BD4178DF2AC803A6007AD426 /* Release */,
			);
			defaultConfigurationIsVisible = 0;
			defaultConfigurationName = Release;
		};
/* End XCConfigurationList section */
	};
	rootObject = BD4178C12AC803A4007AD426 /* Project object */;
}
